
Microsoft Visual Studio Solution File, Format Version 12.00
# Visual Studio Express 15 for Windows Desktop
VisualStudioVersion = 15.0.28307.852
MinimumVisualStudioVersion = 10.0.40219.1
Project("{FAE04EC0-301F-11D3-BF4B-00C04F79EFBC}") = "Assignment2", "Assignment2\Assignment2.csproj", "{2B62A3D9-D647-40A6-B1E1-3F39D4A9E31D}"
EndProject
Global
	GlobalSection(SolutionConfigurationPlatforms) = preSolution
		Debug|Any CPU = Debug|Any CPU
		Release|Any CPU = Release|Any CPU
	EndGlobalSection
	GlobalSection(ProjectConfigurationPlatforms) = postSolution
		{2B62A3D9-D647-40A6-B1E1-3F39D4A9E31D}.Debug|Any CPU.ActiveCfg = Debug|Any CPU
		{2B62A3D9-D647-40A6-B1E1-3F39D4A9E31D}.Debug|Any CPU.Build.0 = Debug|Any CPU
		{2B62A3D9-D647-40A6-B1E1-3F39D4A9E31D}.Release|Any CPU.ActiveCfg = Release|Any CPU
		{2B62A3D9-D647-40A6-B1E1-3F39D4A9E31D}.Release|Any CPU.Build.0 = Release|Any CPU
	EndGlobalSection
	GlobalSection(SolutionProperties) = preSolution
		HideSolutionNode = FALSE
	EndGlobalSection
	GlobalSection(ExtensibilityGlobals) = postSolution
		SolutionGuid = {CFFCE91D-CF68-4FD2-9B20-E8354B0D88BD}
	EndGlobalSection
EndGlobal
